// !$*UTF8*$!
{
	archiveVersion = 1;
	classes = {
	};
	objectVersion = 56;
	objects = {

/* Begin PBXBuildFile section */
		08D7995C2AD61F63000371AE /* SwiftCombinePracApp.swift in Sources */ = {isa = PBXBuildFile; fileRef = 08D7995B2AD61F63000371AE /* SwiftCombinePracApp.swift */; };
		08D7995E2AD61F63000371AE /* WebJokeVeiw.swift in Sources */ = {isa = PBXBuildFile; fileRef = 08D7995D2AD61F63000371AE /* WebJokeVeiw.swift */; };
		08D799602AD61F66000371AE /* Assets.xcassets in Resources */ = {isa = PBXBuildFile; fileRef = 08D7995F2AD61F66000371AE /* Assets.xcassets */; };
		08D799632AD61F66000371AE /* Preview Assets.xcassets in Resources */ = {isa = PBXBuildFile; fileRef = 08D799622AD61F66000371AE /* Preview Assets.xcassets */; };
		08D7996D2AD61F66000371AE /* SwiftCombinePracTests.swift in Sources */ = {isa = PBXBuildFile; fileRef = 08D7996C2AD61F66000371AE /* SwiftCombinePracTests.swift */; };
		08D799772AD61F66000371AE /* SwiftCombinePracUITests.swift in Sources */ = {isa = PBXBuildFile; fileRef = 08D799762AD61F66000371AE /* SwiftCombinePracUITests.swift */; };
		08D799792AD61F66000371AE /* SwiftCombinePracUITestsLaunchTests.swift in Sources */ = {isa = PBXBuildFile; fileRef = 08D799782AD61F66000371AE /* SwiftCombinePracUITestsLaunchTests.swift */; };
		08D799862AD62343000371AE /* APIModel.swift in Sources */ = {isa = PBXBuildFile; fileRef = 08D799852AD62343000371AE /* APIModel.swift */; };
		08D799882AD629B3000371AE /* JokeViewModel.swift in Sources */ = {isa = PBXBuildFile; fileRef = 08D799872AD629B3000371AE /* JokeViewModel.swift */; };
/* End PBXBuildFile section */

/* Begin PBXContainerItemProxy section */
		08D799692AD61F66000371AE /* PBXContainerItemProxy */ = {
			isa = PBXContainerItemProxy;
			containerPortal = 08D799502AD61F63000371AE /* Project object */;
			proxyType = 1;
			remoteGlobalIDString = 08D799572AD61F63000371AE;
			remoteInfo = SwiftCombinePrac;
		};
		08D799732AD61F66000371AE /* PBXContainerItemProxy */ = {
			isa = PBXContainerItemProxy;
			containerPortal = 08D799502AD61F63000371AE /* Project object */;
			proxyType = 1;
			remoteGlobalIDString = 08D799572AD61F63000371AE;
			remoteInfo = SwiftCombinePrac;
		};
/* End PBXContainerItemProxy section */

/* Begin PBXFileReference section */
		08D799582AD61F63000371AE /* SwiftCombinePrac.app */ = {isa = PBXFileReference; explicitFileType = wrapper.application; includeInIndex = 0; path = SwiftCombinePrac.app; sourceTree = BUILT_PRODUCTS_DIR; };
		08D7995B2AD61F63000371AE /* SwiftCombinePracApp.swift */ = {isa = PBXFileReference; lastKnownFileType = sourcecode.swift; path = SwiftCombinePracApp.swift; sourceTree = "<group>"; };
		08D7995D2AD61F63000371AE /* WebJokeVeiw.swift */ = {isa = PBXFileReference; lastKnownFileType = sourcecode.swift; path = WebJokeVeiw.swift; sourceTree = "<group>"; };
		08D7995F2AD61F66000371AE /* Assets.xcassets */ = {isa = PBXFileReference; lastKnownFileType = folder.assetcatalog; path = Assets.xcassets; sourceTree = "<group>"; };
		08D799622AD61F66000371AE /* Preview Assets.xcassets */ = {isa = PBXFileReference; lastKnownFileType = folder.assetcatalog; path = "Preview Assets.xcassets"; sourceTree = "<group>"; };
		08D799682AD61F66000371AE /* SwiftCombinePracTests.xctest */ = {isa = PBXFileReference; explicitFileType = wrapper.cfbundle; includeInIndex = 0; path = SwiftCombinePracTests.xctest; sourceTree = BUILT_PRODUCTS_DIR; };
		08D7996C2AD61F66000371AE /* SwiftCombinePracTests.swift */ = {isa = PBXFileReference; lastKnownFileType = sourcecode.swift; path = SwiftCombinePracTests.swift; sourceTree = "<group>"; };
		08D799722AD61F66000371AE /* SwiftCombinePracUITests.xctest */ = {isa = PBXFileReference; explicitFileType = wrapper.cfbundle; includeInIndex = 0; path = SwiftCombinePracUITests.xctest; sourceTree = BUILT_PRODUCTS_DIR; };
		08D799762AD61F66000371AE /* SwiftCombinePracUITests.swift */ = {isa = PBXFileReference; lastKnownFileType = sourcecode.swift; path = SwiftCombinePracUITests.swift; sourceTree = "<group>"; };
		08D799782AD61F66000371AE /* SwiftCombinePracUITestsLaunchTests.swift */ = {isa = PBXFileReference; lastKnownFileType = sourcecode.swift; path = SwiftCombinePracUITestsLaunchTests.swift; sourceTree = "<group>"; };
		08D799852AD62343000371AE /* APIModel.swift */ = {isa = PBXFileReference; lastKnownFileType = sourcecode.swift; path = APIModel.swift; sourceTree = "<group>"; };
		08D799872AD629B3000371AE /* JokeViewModel.swift */ = {isa = PBXFileReference; lastKnownFileType = sourcecode.swift; path = JokeViewModel.swift; sourceTree = "<group>"; };
/* End PBXFileReference section */

/* Begin PBXFrameworksBuildPhase section */
		08D799552AD61F63000371AE /* Frameworks */ = {
			isa = PBXFrameworksBuildPhase;
			buildActionMask = 2147483647;
			files = (
			);
			runOnlyForDeploymentPostprocessing = 0;
		};
		08D799652AD61F66000371AE /* Frameworks */ = {
			isa = PBXFrameworksBuildPhase;
			buildActionMask = 2147483647;
			files = (
			);
			runOnlyForDeploymentPostprocessing = 0;
		};
		08D7996F2AD61F66000371AE /* Frameworks */ = {
			isa = PBXFrameworksBuildPhase;
			buildActionMask = 2147483647;
			files = (
			);
			runOnlyForDeploymentPostprocessing = 0;
		};
/* End PBXFrameworksBuildPhase section */

/* Begin PBXGroup section */
		08D7994F2AD61F63000371AE = {
			isa = PBXGroup;
			children = (
				08D7995A2AD61F63000371AE /* SwiftCombinePrac */,
				08D7996B2AD61F66000371AE /* SwiftCombinePracTests */,
				08D799752AD61F66000371AE /* SwiftCombinePracUITests */,
				08D799592AD61F63000371AE /* Products */,
			);
			sourceTree = "<group>";
		};
		08D799592AD61F63000371AE /* Products */ = {
			isa = PBXGroup;
			children = (
				08D799582AD61F63000371AE /* SwiftCombinePrac.app */,
				08D799682AD61F66000371AE /* SwiftCombinePracTests.xctest */,
				08D799722AD61F66000371AE /* SwiftCombinePracUITests.xctest */,
			);
			name = Products;
			sourceTree = "<group>";
		};
		08D7995A2AD61F63000371AE /* SwiftCombinePrac */ = {
			isa = PBXGroup;
			children = (
				08D7995B2AD61F63000371AE /* SwiftCombinePracApp.swift */,
				08D7995D2AD61F63000371AE /* WebJokeVeiw.swift */,
				08D799852AD62343000371AE /* APIModel.swift */,
				08D799872AD629B3000371AE /* JokeViewModel.swift */,
				08D7995F2AD61F66000371AE /* Assets.xcassets */,
				08D799612AD61F66000371AE /* Preview Content */,
			);
			path = SwiftCombinePrac;
			sourceTree = "<group>";
		};
		08D799612AD61F66000371AE /* Preview Content */ = {
			isa = PBXGroup;
			children = (
				08D799622AD61F66000371AE /* Preview Assets.xcassets */,
			);
			path = "Preview Content";
			sourceTree = "<group>";
		};
		08D7996B2AD61F66000371AE /* SwiftCombinePracTests */ = {
			isa = PBXGroup;
			children = (
				08D7996C2AD61F66000371AE /* SwiftCombinePracTests.swift */,
			);
			path = SwiftCombinePracTests;
			sourceTree = "<group>";
		};
		08D799752AD61F66000371AE /* SwiftCombinePracUITests */ = {
			isa = PBXGroup;
			children = (
				08D799762AD61F66000371AE /* SwiftCombinePracUITests.swift */,
				08D799782AD61F66000371AE /* SwiftCombinePracUITestsLaunchTests.swift */,
			);
			path = SwiftCombinePracUITests;
			sourceTree = "<group>";
		};
/* End PBXGroup section */

/* Begin PBXNativeTarget section */
		08D799572AD61F63000371AE /* SwiftCombinePrac */ = {
			isa = PBXNativeTarget;
			buildConfigurationList = 08D7997C2AD61F66000371AE /* Build configuration list for PBXNativeTarget "SwiftCombinePrac" */;
			buildPhases = (
				08D799542AD61F63000371AE /* Sources */,
				08D799552AD61F63000371AE /* Frameworks */,
				08D799562AD61F63000371AE /* Resources */,
			);
			buildRules = (
			);
			dependencies = (
			);
			name = SwiftCombinePrac;
			productName = SwiftCombinePrac;
			productReference = 08D799582AD61F63000371AE /* SwiftCombinePrac.app */;
			productType = "com.apple.product-type.application";
		};
		08D799672AD61F66000371AE /* SwiftCombinePracTests */ = {
			isa = PBXNativeTarget;
			buildConfigurationList = 08D7997F2AD61F66000371AE /* Build configuration list for PBXNativeTarget "SwiftCombinePracTests" */;
			buildPhases = (
				08D799642AD61F66000371AE /* Sources */,
				08D799652AD61F66000371AE /* Frameworks */,
				08D799662AD61F66000371AE /* Resources */,
			);
			buildRules = (
			);
			dependencies = (
				08D7996A2AD61F66000371AE /* PBXTargetDependency */,
			);
			name = SwiftCombinePracTests;
			productName = SwiftCombinePracTests;
			productReference = 08D799682AD61F66000371AE /* SwiftCombinePracTests.xctest */;
			productType = "com.apple.product-type.bundle.unit-test";
		};
		08D799712AD61F66000371AE /* SwiftCombinePracUITests */ = {
			isa = PBXNativeTarget;
			buildConfigurationList = 08D799822AD61F66000371AE /* Build configuration list for PBXNativeTarget "SwiftCombinePracUITests" */;
			buildPhases = (
				08D7996E2AD61F66000371AE /* Sources */,
				08D7996F2AD61F66000371AE /* Frameworks */,
				08D799702AD61F66000371AE /* Resources */,
			);
			buildRules = (
			);
			dependencies = (
				08D799742AD61F66000371AE /* PBXTargetDependency */,
			);
			name = SwiftCombinePracUITests;
			productName = SwiftCombinePracUITests;
			productReference = 08D799722AD61F66000371AE /* SwiftCombinePracUITests.xctest */;
			productType = "com.apple.product-type.bundle.ui-testing";
		};
/* End PBXNativeTarget section */

/* Begin PBXProject section */
		08D799502AD61F63000371AE /* Project object */ = {
			isa = PBXProject;
			attributes = {
				BuildIndependentTargetsInParallel = 1;
				LastSwiftUpdateCheck = 1500;
				LastUpgradeCheck = 1500;
				TargetAttributes = {
					08D799572AD61F63000371AE = {
						CreatedOnToolsVersion = 15.0;
					};
					08D799672AD61F66000371AE = {
						CreatedOnToolsVersion = 15.0;
						TestTargetID = 08D799572AD61F63000371AE;
					};
					08D799712AD61F66000371AE = {
						CreatedOnToolsVersion = 15.0;
						TestTargetID = 08D799572AD61F63000371AE;
					};
				};
			};
			buildConfigurationList = 08D799532AD61F63000371AE /* Build configuration list for PBXProject "SwiftCombinePrac" */;
			compatibilityVersion = "Xcode 14.0";
			developmentRegion = en;
			hasScannedForEncodings = 0;
			knownRegions = (
				en,
				Base,
			);
			mainGroup = 08D7994F2AD61F63000371AE;
			productRefGroup = 08D799592AD61F63000371AE /* Products */;
			projectDirPath = "";
			projectRoot = "";
			targets = (
				08D799572AD61F63000371AE /* SwiftCombinePrac */,
				08D799672AD61F66000371AE /* SwiftCombinePracTests */,
				08D799712AD61F66000371AE /* SwiftCombinePracUITests */,
			);
		};
/* End PBXProject section */

/* Begin PBXResourcesBuildPhase section */
		08D799562AD61F63000371AE /* Resources */ = {
			isa = PBXResourcesBuildPhase;
			buildActionMask = 2147483647;
			files = (
				08D799632AD61F66000371AE /* Preview Assets.xcassets in Resources */,
				08D799602AD61F66000371AE /* Assets.xcassets in Resources */,
			);
			runOnlyForDeploymentPostprocessing = 0;
		};
		08D799662AD61F66000371AE /* Resources */ = {
			isa = PBXResourcesBuildPhase;
			buildActionMask = 2147483647;
			files = (
			);
			runOnlyForDeploymentPostprocessing = 0;
		};
		08D799702AD61F66000371AE /* Resources */ = {
			isa = PBXResourcesBuildPhase;
			buildActionMask = 2147483647;
			files = (
			);
			runOnlyForDeploymentPostprocessing = 0;
		};
/* End PBXResourcesBuildPhase section */

/* Begin PBXSourcesBuildPhase section */
		08D799542AD61F63000371AE /* Sources */ = {
			isa = PBXSourcesBuildPhase;
			buildActionMask = 2147483647;
			files = (
				08D7995E2AD61F63000371AE /* WebJokeVeiw.swift in Sources */,
				08D799862AD62343000371AE /* APIModel.swift in Sources */,
				08D7995C2AD61F63000371AE /* SwiftCombinePracApp.swift in Sources */,
				08D799882AD629B3000371AE /* JokeViewModel.swift in Sources */,
			);
			runOnlyForDeploymentPostprocessing = 0;
		};
		08D799642AD61F66000371AE /* Sources */ = {
			isa = PBXSourcesBuildPhase;
			buildActionMask = 2147483647;
			files = (
				08D7996D2AD61F66000371AE /* SwiftCombinePracTests.swift in Sources */,
			);
			runOnlyForDeploymentPostprocessing = 0;
		};
		08D7996E2AD61F66000371AE /* Sources */ = {
			isa = PBXSourcesBuildPhase;
			buildActionMask = 2147483647;
			files = (
				08D799792AD61F66000371AE /* SwiftCombinePracUITestsLaunchTests.swift in Sources */,
				08D799772AD61F66000371AE /* SwiftCombinePracUITests.swift in Sources */,
			);
			runOnlyForDeploymentPostprocessing = 0;
		};
/* End PBXSourcesBuildPhase section */

/* Begin PBXTargetDependency section */
		08D7996A2AD61F66000371AE /* PBXTargetDependency */ = {
			isa = PBXTargetDependency;
			target = 08D799572AD61F63000371AE /* SwiftCombinePrac */;
			targetProxy = 08D799692AD61F66000371AE /* PBXContainerItemProxy */;
		};
		08D799742AD61F66000371AE /* PBXTargetDependency */ = {
			isa = PBXTargetDependency;
			target = 08D799572AD61F63000371AE /* SwiftCombinePrac */;
			targetProxy = 08D799732AD61F66000371AE /* PBXContainerItemProxy */;
		};
/* End PBXTargetDependency section */

/* Begin XCBuildConfiguration section */
		08D7997A2AD61F66000371AE /* Debug */ = {
			isa = XCBuildConfiguration;
			buildSettings = {
				ALWAYS_SEARCH_USER_PATHS = NO;
				ASSETCATALOG_COMPILER_GENERATE_SWIFT_ASSET_SYMBOL_EXTENSIONS = YES;
				CLANG_ANALYZER_NONNULL = YES;
				CLANG_ANALYZER_NUMBER_OBJECT_CONVERSION = YES_AGGRESSIVE;
				CLANG_CXX_LANGUAGE_STANDARD = "gnu++20";
				CLANG_ENABLE_MODULES = YES;
				CLANG_ENABLE_OBJC_ARC = YES;
				CLANG_ENABLE_OBJC_WEAK = YES;
				CLANG_WARN_BLOCK_CAPTURE_AUTORELEASING = YES;
				CLANG_WARN_BOOL_CONVERSION = YES;
				CLANG_WARN_COMMA = YES;
				CLANG_WARN_CONSTANT_CONVERSION = YES;
				CLANG_WARN_DEPRECATED_OBJC_IMPLEMENTATIONS = YES;
				CLANG_WARN_DIRECT_OBJC_ISA_USAGE = YES_ERROR;
				CLANG_WARN_DOCUMENTATION_COMMENTS = YES;
				CLANG_WARN_EMPTY_BODY = YES;
				CLANG_WARN_ENUM_CONVERSION = YES;
				CLANG_WARN_INFINITE_RECURSION = YES;
				CLANG_WARN_INT_CONVERSION = YES;
				CLANG_WARN_NON_LITERAL_NULL_CONVERSION = YES;
				CLANG_WARN_OBJC_IMPLICIT_RETAIN_SELF = YES;
				CLANG_WARN_OBJC_LITERAL_CONVERSION = YES;
				CLANG_WARN_OBJC_ROOT_CLASS = YES_ERROR;
				CLANG_WARN_QUOTED_INCLUDE_IN_FRAMEWORK_HEADER = YES;
				CLANG_WARN_RANGE_LOOP_ANALYSIS = YES;
				CLANG_WARN_STRICT_PROTOTYPES = YES;
				CLANG_WARN_SUSPICIOUS_MOVE = YES;
				CLANG_WARN_UNGUARDED_AVAILABILITY = YES_AGGRESSIVE;
				CLANG_WARN_UNREACHABLE_CODE = YES;
				CLANG_WARN__DUPLICATE_METHOD_MATCH = YES;
				COPY_PHASE_STRIP = NO;
				DEBUG_INFORMATION_FORMAT = dwarf;
				ENABLE_STRICT_OBJC_MSGSEND = YES;
				ENABLE_TESTABILITY = YES;
				ENABLE_USER_SCRIPT_SANDBOXING = YES;
				GCC_C_LANGUAGE_STANDARD = gnu17;
				GCC_DYNAMIC_NO_PIC = NO;
				GCC_NO_COMMON_BLOCKS = YES;
				GCC_OPTIMIZATION_LEVEL = 0;
				GCC_PREPROCESSOR_DEFINITIONS = (
					"DEBUG=1",
					"$(inherited)",
				);
				GCC_WARN_64_TO_32_BIT_CONVERSION = YES;
				GCC_WARN_ABOUT_RETURN_TYPE = YES_ERROR;
				GCC_WARN_UNDECLARED_SELECTOR = YES;
				GCC_WARN_UNINITIALIZED_AUTOS = YES_AGGRESSIVE;
				GCC_WARN_UNUSED_FUNCTION = YES;
				GCC_WARN_UNUSED_VARIABLE = YES;
				IPHONEOS_DEPLOYMENT_TARGET = 17.0;
				LOCALIZATION_PREFERS_STRING_CATALOGS = YES;
				MTL_ENABLE_DEBUG_INFO = INCLUDE_SOURCE;
				MTL_FAST_MATH = YES;
				ONLY_ACTIVE_ARCH = YES;
				SDKROOT = iphoneos;
				SWIFT_ACTIVE_COMPILATION_CONDITIONS = "DEBUG $(inherited)";
				SWIFT_OPTIMIZATION_LEVEL = "-Onone";
			};
			name = Debug;
		};
		08D7997B2AD61F66000371AE /* Release */ = {
			isa = XCBuildConfiguration;
			buildSettings = {
				ALWAYS_SEARCH_USER_PATHS = NO;
				ASSETCATALOG_COMPILER_GENERATE_SWIFT_ASSET_SYMBOL_EXTENSIONS = YES;
				CLANG_ANALYZER_NONNULL = YES;
				CLANG_ANALYZER_NUMBER_OBJECT_CONVERSION = YES_AGGRESSIVE;
				CLANG_CXX_LANGUAGE_STANDARD = "gnu++20";
				CLANG_ENABLE_MODULES = YES;
				CLANG_ENABLE_OBJC_ARC = YES;
				CLANG_ENABLE_OBJC_WEAK = YES;
				CLANG_WARN_BLOCK_CAPTURE_AUTORELEASING = YES;
				CLANG_WARN_BOOL_CONVERSION = YES;
				CLANG_WARN_COMMA = YES;
				CLANG_WARN_CONSTANT_CONVERSION = YES;
				CLANG_WARN_DEPRECATED_OBJC_IMPLEMENTATIONS = YES;
				CLANG_WARN_DIRECT_OBJC_ISA_USAGE = YES_ERROR;
				CLANG_WARN_DOCUMENTATION_COMMENTS = YES;
				CLANG_WARN_EMPTY_BODY = YES;
				CLANG_WARN_ENUM_CONVERSION = YES;
				CLANG_WARN_INFINITE_RECURSION = YES;
				CLANG_WARN_INT_CONVERSION = YES;
				CLANG_WARN_NON_LITERAL_NULL_CONVERSION = YES;
				CLANG_WARN_OBJC_IMPLICIT_RETAIN_SELF = YES;
				CLANG_WARN_OBJC_LITERAL_CONVERSION = YES;
				CLANG_WARN_OBJC_ROOT_CLASS = YES_ERROR;
				CLANG_WARN_QUOTED_INCLUDE_IN_FRAMEWORK_HEADER = YES;
				CLANG_WARN_RANGE_LOOP_ANALYSIS = YES;
				CLANG_WARN_STRICT_PROTOTYPES = YES;
				CLANG_WARN_SUSPICIOUS_MOVE = YES;
				CLANG_WARN_UNGUARDED_AVAILABILITY = YES_AGGRESSIVE;
				CLANG_WARN_UNREACHABLE_CODE = YES;
				CLANG_WARN__DUPLICATE_METHOD_MATCH = YES;
				COPY_PHASE_STRIP = NO;
				DEBUG_INFORMATION_FORMAT = "dwarf-with-dsym";
				ENABLE_NS_ASSERTIONS = NO;
				ENABLE_STRICT_OBJC_MSGSEND = YES;
				ENABLE_USER_SCRIPT_SANDBOXING = YES;
				GCC_C_LANGUAGE_STANDARD = gnu17;
				GCC_NO_COMMON_BLOCKS = YES;
				GCC_WARN_64_TO_32_BIT_CONVERSION = YES;
				GCC_WARN_ABOUT_RETURN_TYPE = YES_ERROR;
				GCC_WARN_UNDECLARED_SELECTOR = YES;
				GCC_WARN_UNINITIALIZED_AUTOS = YES_AGGRESSIVE;
				GCC_WARN_UNUSED_FUNCTION = YES;
				GCC_WARN_UNUSED_VARIABLE = YES;
				IPHONEOS_DEPLOYMENT_TARGET = 17.0;
				LOCALIZATION_PREFERS_STRING_CATALOGS = YES;
				MTL_ENABLE_DEBUG_INFO = NO;
				MTL_FAST_MATH = YES;
				SDKROOT = iphoneos;
				SWIFT_COMPILATION_MODE = wholemodule;
				VALIDATE_PRODUCT = YES;
			};
			name = Release;
		};
		08D7997D2AD61F66000371AE /* Debug */ = {
			isa = XCBuildConfiguration;
			buildSettings = {
				ASSETCATALOG_COMPILER_APPICON_NAME = AppIcon;
				ASSETCATALOG_COMPILER_GLOBAL_ACCENT_COLOR_NAME = AccentColor;
				CODE_SIGN_STYLE = Automatic;
				CURRENT_PROJECT_VERSION = 1;
				DEVELOPMENT_ASSET_PATHS = "\"SwiftCombinePrac/Preview Content\"";
				ENABLE_PREVIEWS = YES;
				GENERATE_INFOPLIST_FILE = YES;
				INFOPLIST_KEY_UIApplicationSceneManifest_Generation = YES;
				INFOPLIST_KEY_UIApplicationSupportsIndirectInputEvents = YES;
				INFOPLIST_KEY_UILaunchScreen_Generation = YES;
				INFOPLIST_KEY_UISupportedInterfaceOrientations_iPad = "UIInterfaceOrientationPortrait UIInterfaceOrientationPortraitUpsideDown UIInterfaceOrientationLandscapeLeft UIInterfaceOrientationLandscapeRight";
				INFOPLIST_KEY_UISupportedInterfaceOrientations_iPhone = "UIInterfaceOrientationPortrait UIInterfaceOrientationLandscapeLeft UIInterfaceOrientationLandscapeRight";
				LD_RUNPATH_SEARCH_PATHS = (
					"$(inherited)",
					"@executable_path/Frameworks",
				);
				MARKETING_VERSION = 1.0;
				PRODUCT_BUNDLE_IDENTIFIER = "com.example.sample-sample.landmark.SwiftCombinePrac";
				PRODUCT_NAME = "$(TARGET_NAME)";
				SWIFT_EMIT_LOC_STRINGS = YES;
				SWIFT_VERSION = 5.0;
				TARGETED_DEVICE_FAMILY = "1,2";
			};
			name = Debug;
		};
		08D7997E2AD61F66000371AE /* Release */ = {
			isa = XCBuildConfiguration;
			buildSettings = {
				ASSETCATALOG_COMPILER_APPICON_NAME = AppIcon;
				ASSETCATALOG_COMPILER_GLOBAL_ACCENT_COLOR_NAME = AccentColor;
				CODE_SIGN_STYLE = Automatic;
				CURRENT_PROJECT_VERSION = 1;
				DEVELOPMENT_ASSET_PATHS = "\"SwiftCombinePrac/Preview Content\"";
				ENABLE_PREVIEWS = YES;
				GENERATE_INFOPLIST_FILE = YES;
				INFOPLIST_KEY_UIApplicationSceneManifest_Generation = YES;
				INFOPLIST_KEY_UIApplicationSupportsIndirectInputEvents = YES;
				INFOPLIST_KEY_UILaunchScreen_Generation = YES;
				INFOPLIST_KEY_UISupportedInterfaceOrientations_iPad = "UIInterfaceOrientationPortrait UIInterfaceOrientationPortraitUpsideDown UIInterfaceOrientationLandscapeLeft UIInterfaceOrientationLandscapeRight";
				INFOPLIST_KEY_UISupportedInterfaceOrientations_iPhone = "UIInterfaceOrientationPortrait UIInterfaceOrientationLandscapeLeft UIInterfaceOrientationLandscapeRight";
				LD_RUNPATH_SEARCH_PATHS = (
					"$(inherited)",
					"@executable_path/Frameworks",
				);
				MARKETING_VERSION = 1.0;
				PRODUCT_BUNDLE_IDENTIFIER = "com.example.sample-sample.landmark.SwiftCombinePrac";
				PRODUCT_NAME = "$(TARGET_NAME)";
				SWIFT_EMIT_LOC_STRINGS = YES;
				SWIFT_VERSION = 5.0;
				TARGETED_DEVICE_FAMILY = "1,2";
			};
			name = Release;
		};
		08D799802AD61F66000371AE /* Debug */ = {
			isa = XCBuildConfiguration;
			buildSettings = {
				ALWAYS_EMBED_SWIFT_STANDARD_LIBRARIES = YES;
				BUNDLE_LOADER = "$(TEST_HOST)";
				CODE_SIGN_STYLE = Automatic;
				CURRENT_PROJECT_VERSION = 1;
				GENERATE_INFOPLIST_FILE = YES;
				IPHONEOS_DEPLOYMENT_TARGET = 17.0;
				MARKETING_VERSION = 1.0;
				PRODUCT_BUNDLE_IDENTIFIER = "com.example.sample-sample.landmark.SwiftCombinePracTests";
				PRODUCT_NAME = "$(TARGET_NAME)";
				SWIFT_EMIT_LOC_STRINGS = NO;
				SWIFT_VERSION = 5.0;
				TARGETED_DEVICE_FAMILY = "1,2";
				TEST_HOST = "$(BUILT_PRODUCTS_DIR)/SwiftCombinePrac.app/$(BUNDLE_EXECUTABLE_FOLDER_PATH)/SwiftCombinePrac";
			};
			name = Debug;
		};
		08D799812AD61F66000371AE /* Release */ = {
			isa = XCBuildConfiguration;
			buildSettings = {
				ALWAYS_EMBED_SWIFT_STANDARD_LIBRARIES = YES;
				BUNDLE_LOADER = "$(TEST_HOST)";
				CODE_SIGN_STYLE = Automatic;
				CURRENT_PROJECT_VERSION = 1;
				GENERATE_INFOPLIST_FILE = YES;
				IPHONEOS_DEPLOYMENT_TARGET = 17.0;
				MARKETING_VERSION = 1.0;
				PRODUCT_BUNDLE_IDENTIFIER = "com.example.sample-sample.landmark.SwiftCombinePracTests";
				PRODUCT_NAME = "$(TARGET_NAME)";
				SWIFT_EMIT_LOC_STRINGS = NO;
				SWIFT_VERSION = 5.0;
				TARGETED_DEVICE_FAMILY = "1,2";
				TEST_HOST = "$(BUILT_PRODUCTS_DIR)/SwiftCombinePrac.app/$(BUNDLE_EXECUTABLE_FOLDER_PATH)/SwiftCombinePrac";
			};
			name = Release;
		};
		08D799832AD61F66000371AE /* Debug */ = {
			isa = XCBuildConfiguration;
			buildSettings = {
				ALWAYS_EMBED_SWIFT_STANDARD_LIBRARIES = YES;
				CODE_SIGN_STYLE = Automatic;
				CURRENT_PROJECT_VERSION = 1;
				GENERATE_INFOPLIST_FILE = YES;
				MARKETING_VERSION = 1.0;
				PRODUCT_BUNDLE_IDENTIFIER = "com.example.sample-sample.landmark.SwiftCombinePracUITests";
				PRODUCT_NAME = "$(TARGET_NAME)";
				SWIFT_EMIT_LOC_STRINGS = NO;
				SWIFT_VERSION = 5.0;
				TARGETED_DEVICE_FAMILY = "1,2";
				TEST_TARGET_NAME = SwiftCombinePrac;
			};
			name = Debug;
		};
		08D799842AD61F66000371AE /* Release */ = {
			isa = XCBuildConfiguration;
			buildSettings = {
				ALWAYS_EMBED_SWIFT_STANDARD_LIBRARIES = YES;
				CODE_SIGN_STYLE = Automatic;
				CURRENT_PROJECT_VERSION = 1;
				GENERATE_INFOPLIST_FILE = YES;
				MARKETING_VERSION = 1.0;
				PRODUCT_BUNDLE_IDENTIFIER = "com.example.sample-sample.landmark.SwiftCombinePracUITests";
				PRODUCT_NAME = "$(TARGET_NAME)";
				SWIFT_EMIT_LOC_STRINGS = NO;
				SWIFT_VERSION = 5.0;
				TARGETED_DEVICE_FAMILY = "1,2";
				TEST_TARGET_NAME = SwiftCombinePrac;
			};
			name = Release;
		};
/* End XCBuildConfiguration section */

/* Begin XCConfigurationList section */
		08D799532AD61F63000371AE /* Build configuration list for PBXProject "SwiftCombinePrac" */ = {
			isa = XCConfigurationList;
			buildConfigurations = (
				08D7997A2AD61F66000371AE /* Debug */,
				08D7997B2AD61F66000371AE /* Release */,
			);
			defaultConfigurationIsVisible = 0;
			defaultConfigurationName = Release;
		};
		08D7997C2AD61F66000371AE /* Build configuration list for PBXNativeTarget "SwiftCombinePrac" */ = {
			isa = XCConfigurationList;
			buildConfigurations = (
				08D7997D2AD61F66000371AE /* Debug */,
				08D7997E2AD61F66000371AE /* Release */,
			);
			defaultConfigurationIsVisible = 0;
			defaultConfigurationName = Release;
		};
		08D7997F2AD61F66000371AE /* Build configuration list for PBXNativeTarget "SwiftCombinePracTests" */ = {
			isa = XCConfigurationList;
			buildConfigurations = (
				08D799802AD61F66000371AE /* Debug */,
				08D799812AD61F66000371AE /* Release */,
			);
			defaultConfigurationIsVisible = 0;
			defaultConfigurationName = Release;
		};
		08D799822AD61F66000371AE /* Build configuration list for PBXNativeTarget "SwiftCombinePracUITests" */ = {
			isa = XCConfigurationList;
			buildConfigurations = (
				08D799832AD61F66000371AE /* Debug */,
				08D799842AD61F66000371AE /* Release */,
			);
			defaultConfigurationIsVisible = 0;
			defaultConfigurationName = Release;
		};
/* End XCConfigurationList section */
	};
	rootObject = 08D799502AD61F63000371AE /* Project object */;
}
